{
  "version": 4,
  "terraform_version": "1.1.5",
  "serial": 123,
  "lineage": "4b60508a-e27e-b24d-c1f9-5523f03c8c0c",
  "outputs": {
    "public_ip": {
      "value": [
        "52.179.82.233",
        "40.71.30.236"
      ],
      "type": [
        "tuple",
        [
          "string",
          "string"
        ]
      ]
    },
    "tls_private_key": {
      "value": "-----BEGIN RSA PRIVATE KEY-----\nMIIJJwIBAAKCAgEAu7me2l49w5ucV/nPjQ71lIVvX3LPvd8NBPbEwv7RG6PKPUKv\nYoOY19IdrMWUzBgPrXMxNZMwTRUJ6hIjjrzqerLFn5BWNG7TRgaNX+m7DavQU62j\n58uvtmdlLavTgrbiClZF21Nm4+Rl2JDmgh8W6lCUuMT9RsUjAEJUwAcRyDEG11R1\nYk1c8GANMraNTEn0h7BVa1aUuFxs5/SvfgfCPvqTkTsUCsLh62nSoa5ZAgcvJjUw\nueA8otPGxHUSk6KXZoRbYijkPWaIz+XkPnOIaJ2EKArhzN75248z/tjOnB1ClqvZ\nCk7iqxS9ECW51dXga1k7w7U81zOl5BN8FAlEfhGz1vm5b3PeaH1jS6zSCI9b4Zw5\nANbzbEq2wcVxSPuhRXKJaUfrqj92HNiSBEv5SpmdVlFUI1cAVeqiiSaOoZ2OkjW/\nSZx/NMN2CoFdMBgw2H5eZGLvGbXUTjPrn2h1nrxjajYvz3SPrK3HRrvDOcay0myF\nmhC4SAE1w71upYFLKF095tXcMVNMoSN0qZ7FkSNmUfG9oh39+6+7lcZ2edU57Z6Q\ncS/fZUPbjH42DU4kxdj+LniPlpThX4zQdKlO68Bg1oyH5iFSEdZE9xensBu4cZf4\nJTfDEXD0niD0c+H58Q/BqE5MZLBO1u3UTBe8QOkuN4oWznEuxpuBCoSXIPcCAwEA\nAQKCAgBf8wMPh+W3yhyCFuwPpBq/e+gt+AfYe14zMFHnfMiygOgIocH072A6x2ll\nemOQYaf5tovrXzzr2RoFKppEBakvZ5p88RAuooqYGxc9c8Covy2u52yEOGaqK3Ta\ngB2OjR1BvVDdRmarinzH0WAQGAXlY6RwQDdYacB3DHA26iYblXtyqfeJdBNRxTZZ\nulbELHSwud8fCtTe2lbLxBPCrgKJoBe2vmSDD5LbeW4wN2XFFJjzxXIPP16etvG8\nTj5deVg7DOGMbWwjOfopkM41YWXSWthGgzFgPoOkxjAETRplTstPKay4iRNv8Bym\nWTH/6t5W3/gdEtBzCjH7Pj5IG2iGyYAQFvBjmnkbF2gyci3ceGhseCMmBQOhHR5+\nK56xGlHNNdtMTOLP9B3B9Ng/FlQbaf4Ehi41etn946GfiexQyMfAIgf13aaYY1sB\nGc/lDWA4LZn2ZCoEdPb9I6fWHjrh02uDwimdZdYbNhnDbF6nsGGMt/Jzifc0cGEv\nWRl3o4iL211pvQx0GTt1snUfVxsXqpmphE8eUTCmawuolSlvTT87VN4dSy/DLPTc\nYqrJY9HNc/FoNOxwYj1bCxzTzo1OVpA0ao7+xa6lbTB4orE7FD3b1KeGrBnZxmGu\nWR1fyRp4hJTyuy+Mw4Z2eLkNhTFaLVVvjuxTmRbr13Lj2aw6KQKCAQEAwaF9WBt7\nZkWKaFzy8/WRXYry0xvY3E29sQZo2TL9p3oSKsALi3FsDdEPhv7uD2UQQznxatMB\n6NUMvydwIPRqmjK73XUm8A2MRwKliKTXFfWPSpKlg33g49H+8xVMYKapQ2xw9kHh\nhavzDEYptFPVX0O2x1x/dvtwsN8US0DGzuNiy6I4n/Ooi9VHeQpW3d5XzZnU2gii\nielUlU+oVLrnDHRFg13dRWVylqm4eD56HNIIDnpkEQHScm35/08Btypiy4H3BUqz\nVkeRYF7AQPh/osyJIKlxmgyg9fULiTycRUgF8k+69JiJ5TGsUkRfMAaEflwcIoCj\no8m1THf0P+9vKwKCAQEA+DEnBdgraJsgGAqW2kGnl6M9RQBXxCi2F4Z07IrdyAll\n8+A/HIb78xICn0oSOE4tzZO2rGKrly7B6ovlBK+5GkRMk11+n4o6eRulzdiJ8QDc\n1VleTTFXZeUpDxPFhZx45dolFPAI0tZ69/i03HAeJ3T/5DuMk8VWHvak+UDykTxQ\nS7FUssjwbccJ9I5th/DHX3bI96JkS9ggmRRql1dYrlM2vKwJ1kbgz4JS5FqquB6l\n7ubWAspadPX/LZ/IWP6JlY6gmCQc/88iXCkCwvPV929+45Nd5K07LCPI5N0IAhvS\ntlJQw0ApywkokNINy+RryqMs6SpngNn3qleafnZPZQKCAQAEDPfNTw3eztedZUxj\n1CBNX6nCxtNbkHjGakbpPErYJRKaOFhFe4LyKwxzG4QpaEjVzzGAtZdVopdYrF+J\nIPPV8/fAI0JERVRI7AJAgIpLWE6+FaFGxexdd7gop6poXzQtR+h5DlnEbRtxh0o6\nDoLpMkZxlzrHZ20tFg2boWhHTbR0ZBlhJzzAaB7Npmy4yXz2vSAZy5Jy5iGx2e/A\njgRlW01U+TK2z+98vWIxicUOM0qd2uua+3nGkQxozeNQTJ+yeC6NuslTpb2h0Xme\nIlSxOCwqNcE9osP/QTgTj+QJAv+02PwlP8eqtsZPFkUTgR9mcVDZW+2QcJjNV7kR\nWVXvAoIBADD3cZ2DkrzmriRQIocZIPmX6USt1qMK7TIjAvqQQ0VuJUFCYvE76IWC\nbiYDNSkKs5q1o/rK1NPVE8k0pJCSItD93KXOcmcDnJm8TLAaIsz7wJYPNb3BGF8w\nITOqUPQVdPzUVzCUUwlV65j05qn/LNPYD4x1+zxEWMNvIglTOQhSf/0PFYjYgCcI\nd/xaBV4msQ8ynl/NGECmeXf6QTVutD5giJIc1ywBe+U07ynCgaAl29MQk/Sk+8fL\nqPbVaW+1eGubYi/iIB6QPVU1eigAd5yD0OMRdhrh2qTQwpf0y9mup5n1D54WEKjQ\nO8KmzrYFcQbfvsKZ7SXM20IuWnrM2MkCggEAdSex1gT82BHKk5TqYK5MRCD0fpCx\nuXJDHoB4FL1XQ4qGwTx7kN4pzgL1FOVz9DuZCwkm7Jj2Kh3SnIRUJhkVISYbfwla\nn88s7oN4zSXqUIIJfU4qmtBYiHD95/MTTHkXGfWwi/nqrAXGgAwn6IHjwVWpG6Gp\n9DnpmA8bGPsba2k4bS1X9BuPz7dSAUOCuTeA9DDRl8dtB81pTvZFVgFSOXiS2ThW\naBQE+FKgscKu/EhqHZX6OJSRhLBHFgJw4HTcCgaW3/ndpPde5wWp7WYgGHvnL5/t\ngZlATSlb21VI/w1j2BbKjkDlcbkQNuKhuI13NtHoXwicfY6Kd8YwKSNopQ==\n-----END RSA PRIVATE KEY-----\n",
      "type": "string",
      "sensitive": true
    }
  },
  "resources": [
    {
      "mode": "managed",
      "type": "azurerm_linux_virtual_machine",
      "name": "myTFLinuxVM",
      "provider": "provider[\"registry.terraform.io/hashicorp/azurerm\"]",
      "instances": [
        {
          "index_key": 0,
          "schema_version": 0,
          "attributes": {
            "additional_capabilities": [],
            "admin_password": "Asd1!2@2",
            "admin_ssh_key": [],
            "admin_username": "azureuser",
            "allow_extension_operations": true,
            "availability_set_id": "",
            "boot_diagnostics": [],
            "computer_name": "myTFLinuxVM0",
            "custom_data": null,
            "dedicated_host_group_id": "",
            "dedicated_host_id": "",
            "disable_password_authentication": false,
            "encryption_at_host_enabled": false,
            "eviction_policy": "",
            "extensions_time_budget": "PT1H30M",
            "id": "/subscriptions/59cc06f0-2bbf-457b-a48a-d5811fe92883/resourceGroups/myTFResourceGroup/providers/Microsoft.Compute/virtualMachines/myTFLinuxVM0",
            "identity": [],
            "license_type": "",
            "location": "eastus",
            "max_bid_price": -1,
            "name": "myTFLinuxVM0",
            "network_interface_ids": [
              "/subscriptions/59cc06f0-2bbf-457b-a48a-d5811fe92883/resourceGroups/myTFResourceGroup/providers/Microsoft.Network/networkInterfaces/MyTFNetInterface0"
            ],
            "os_disk": [
              {
                "caching": "ReadWrite",
                "diff_disk_settings": [],
                "disk_encryption_set_id": "",
                "disk_size_gb": 30,
                "name": "myTFLinuxVM0_OsDisk_1_7828adde4a9642e6ba6d08d783d10272",
                "storage_account_type": "Standard_LRS",
                "write_accelerator_enabled": false
              }
            ],
            "patch_mode": "ImageDefault",
            "plan": [],
            "platform_fault_domain": -1,
            "priority": "Regular",
            "private_ip_address": "10.0.2.5",
            "private_ip_addresses": [
              "10.0.2.5"
            ],
            "provision_vm_agent": true,
            "proximity_placement_group_id": "",
            "public_ip_address": "52.179.82.233",
            "public_ip_addresses": [
              "52.179.82.233"
            ],
            "resource_group_name": "myTFResourceGroup",
            "secret": [],
            "secure_boot_enabled": false,
            "size": "Standard_B1s",
            "source_image_id": "",
            "source_image_reference": [
              {
                "offer": "UbuntuServer",
                "publisher": "Canonical",
                "sku": "18.04-LTS",
                "version": "latest"
              }
            ],
            "tags": null,
            "timeouts": null,
            "user_data": "",
            "virtual_machine_id": "1c0da758-2a62-4a16-8fd0-060437021fd3",
            "virtual_machine_scale_set_id": "",
            "vtpm_enabled": false,
            "zone": ""
          },
          "sensitive_attributes": [],
          "private": "eyJlMmJmYjczMC1lY2FhLTExZTYtOGY4OC0zNDM2M2JjN2M0YzAiOnsiY3JlYXRlIjoyNzAwMDAwMDAwMDAwLCJkZWxldGUiOjI3MDAwMDAwMDAwMDAsInJlYWQiOjMwMDAwMDAwMDAwMCwidXBkYXRlIjoyNzAwMDAwMDAwMDAwfX0=",
          "dependencies": [
            "azurerm_network_interface.MyTFNetInterface",
            "azurerm_public_ip.MyTFPublicIP",
            "azurerm_resource_group.myTFResourceGroup",
            "azurerm_subnet.MyTFSubnet",
            "azurerm_virtual_network.MyTFVnet"
          ]
        },
        {
          "index_key": 1,
          "schema_version": 0,
          "attributes": {
            "additional_capabilities": [],
            "admin_password": "Asd1!2@2",
            "admin_ssh_key": [],
            "admin_username": "azureuser",
            "allow_extension_operations": true,
            "availability_set_id": "",
            "boot_diagnostics": [],
            "computer_name": "myTFLinuxVM1",
            "custom_data": null,
            "dedicated_host_group_id": "",
            "dedicated_host_id": "",
            "disable_password_authentication": false,
            "encryption_at_host_enabled": false,
            "eviction_policy": "",
            "extensions_time_budget": "PT1H30M",
            "id": "/subscriptions/59cc06f0-2bbf-457b-a48a-d5811fe92883/resourceGroups/myTFResourceGroup/providers/Microsoft.Compute/virtualMachines/myTFLinuxVM1",
            "identity": [],
            "license_type": "",
            "location": "eastus",
            "max_bid_price": -1,
            "name": "myTFLinuxVM1",
            "network_interface_ids": [
              "/subscriptions/59cc06f0-2bbf-457b-a48a-d5811fe92883/resourceGroups/myTFResourceGroup/providers/Microsoft.Network/networkInterfaces/MyTFNetInterface1"
            ],
            "os_disk": [
              {
                "caching": "ReadWrite",
                "diff_disk_settings": [],
                "disk_encryption_set_id": "",
                "disk_size_gb": 30,
                "name": "myTFLinuxVM1_OsDisk_1_b98284b5980e46c1b5ba5a3a4e6af590",
                "storage_account_type": "Standard_LRS",
                "write_accelerator_enabled": false
              }
            ],
            "patch_mode": "ImageDefault",
            "plan": [],
            "platform_fault_domain": -1,
            "priority": "Regular",
            "private_ip_address": "10.0.2.4",
            "private_ip_addresses": [
              "10.0.2.4"
            ],
            "provision_vm_agent": true,
            "proximity_placement_group_id": "",
            "public_ip_address": "40.71.30.236",
            "public_ip_addresses": [
              "40.71.30.236"
            ],
            "resource_group_name": "myTFResourceGroup",
            "secret": [],
            "secure_boot_enabled": false,
            "size": "Standard_B1s",
            "source_image_id": "",
            "source_image_reference": [
              {
                "offer": "UbuntuServer",
                "publisher": "Canonical",
                "sku": "18.04-LTS",
                "version": "latest"
              }
            ],
            "tags": null,
            "timeouts": null,
            "user_data": "",
            "virtual_machine_id": "4c97340a-c786-48db-966f-283248869808",
            "virtual_machine_scale_set_id": "",
            "vtpm_enabled": false,
            "zone": ""
          },
          "sensitive_attributes": [],
          "private": "eyJlMmJmYjczMC1lY2FhLTExZTYtOGY4OC0zNDM2M2JjN2M0YzAiOnsiY3JlYXRlIjoyNzAwMDAwMDAwMDAwLCJkZWxldGUiOjI3MDAwMDAwMDAwMDAsInJlYWQiOjMwMDAwMDAwMDAwMCwidXBkYXRlIjoyNzAwMDAwMDAwMDAwfX0=",
          "dependencies": [
            "azurerm_network_interface.MyTFNetInterface",
            "azurerm_public_ip.MyTFPublicIP",
            "azurerm_resource_group.myTFResourceGroup",
            "azurerm_subnet.MyTFSubnet",
            "azurerm_virtual_network.MyTFVnet"
          ]
        }
      ]
    },
    {
      "mode": "managed",
      "type": "azurerm_network_interface",
      "name": "MyTFNetInterface",
      "provider": "provider[\"registry.terraform.io/hashicorp/azurerm\"]",
      "instances": [
        {
          "index_key": 0,
          "schema_version": 0,
          "attributes": {
            "applied_dns_servers": [],
            "dns_servers": [],
            "enable_accelerated_networking": false,
            "enable_ip_forwarding": false,
            "id": "/subscriptions/59cc06f0-2bbf-457b-a48a-d5811fe92883/resourceGroups/myTFResourceGroup/providers/Microsoft.Network/networkInterfaces/MyTFNetInterface0",
            "internal_dns_name_label": "",
            "internal_domain_name_suffix": "cju0gpowxz5utfjlolblgzgpfd.bx.internal.cloudapp.net",
            "ip_configuration": [
              {
                "gateway_load_balancer_frontend_ip_configuration_id": "",
                "name": "internal",
                "primary": true,
                "private_ip_address": "10.0.2.5",
                "private_ip_address_allocation": "Dynamic",
                "private_ip_address_version": "IPv4",
                "public_ip_address_id": "/subscriptions/59cc06f0-2bbf-457b-a48a-d5811fe92883/resourceGroups/myTFResourceGroup/providers/Microsoft.Network/publicIPAddresses/MyTFPublicIP0",
                "subnet_id": "/subscriptions/59cc06f0-2bbf-457b-a48a-d5811fe92883/resourceGroups/myTFResourceGroup/providers/Microsoft.Network/virtualNetworks/MyTFVnet/subnets/MyTFSubnet"
              }
            ],
            "location": "eastus",
            "mac_address": "",
            "name": "MyTFNetInterface0",
            "private_ip_address": "10.0.2.5",
            "private_ip_addresses": [
              "10.0.2.5"
            ],
            "resource_group_name": "myTFResourceGroup",
            "tags": null,
            "timeouts": null,
            "virtual_machine_id": ""
          },
          "sensitive_attributes": [],
          "private": "eyJlMmJmYjczMC1lY2FhLTExZTYtOGY4OC0zNDM2M2JjN2M0YzAiOnsiY3JlYXRlIjoxODAwMDAwMDAwMDAwLCJkZWxldGUiOjE4MDAwMDAwMDAwMDAsInJlYWQiOjMwMDAwMDAwMDAwMCwidXBkYXRlIjoxODAwMDAwMDAwMDAwfX0=",
          "dependencies": [
            "azurerm_public_ip.MyTFPublicIP",
            "azurerm_resource_group.myTFResourceGroup",
            "azurerm_subnet.MyTFSubnet",
            "azurerm_virtual_network.MyTFVnet"
          ]
        },
        {
          "index_key": 1,
          "schema_version": 0,
          "attributes": {
            "applied_dns_servers": [],
            "dns_servers": [],
            "enable_accelerated_networking": false,
            "enable_ip_forwarding": false,
            "id": "/subscriptions/59cc06f0-2bbf-457b-a48a-d5811fe92883/resourceGroups/myTFResourceGroup/providers/Microsoft.Network/networkInterfaces/MyTFNetInterface1",
            "internal_dns_name_label": "",
            "internal_domain_name_suffix": "cju0gpowxz5utfjlolblgzgpfd.bx.internal.cloudapp.net",
            "ip_configuration": [
              {
                "gateway_load_balancer_frontend_ip_configuration_id": "",
                "name": "internal",
                "primary": true,
                "private_ip_address": "10.0.2.4",
                "private_ip_address_allocation": "Dynamic",
                "private_ip_address_version": "IPv4",
                "public_ip_address_id": "/subscriptions/59cc06f0-2bbf-457b-a48a-d5811fe92883/resourceGroups/myTFResourceGroup/providers/Microsoft.Network/publicIPAddresses/MyTFPublicIP1",
                "subnet_id": "/subscriptions/59cc06f0-2bbf-457b-a48a-d5811fe92883/resourceGroups/myTFResourceGroup/providers/Microsoft.Network/virtualNetworks/MyTFVnet/subnets/MyTFSubnet"
              }
            ],
            "location": "eastus",
            "mac_address": "",
            "name": "MyTFNetInterface1",
            "private_ip_address": "10.0.2.4",
            "private_ip_addresses": [
              "10.0.2.4"
            ],
            "resource_group_name": "myTFResourceGroup",
            "tags": null,
            "timeouts": null,
            "virtual_machine_id": ""
          },
          "sensitive_attributes": [],
          "private": "eyJlMmJmYjczMC1lY2FhLTExZTYtOGY4OC0zNDM2M2JjN2M0YzAiOnsiY3JlYXRlIjoxODAwMDAwMDAwMDAwLCJkZWxldGUiOjE4MDAwMDAwMDAwMDAsInJlYWQiOjMwMDAwMDAwMDAwMCwidXBkYXRlIjoxODAwMDAwMDAwMDAwfX0=",
          "dependencies": [
            "azurerm_public_ip.MyTFPublicIP",
            "azurerm_resource_group.myTFResourceGroup",
            "azurerm_subnet.MyTFSubnet",
            "azurerm_virtual_network.MyTFVnet"
          ]
        }
      ]
    },
    {
      "mode": "managed",
      "type": "azurerm_network_security_group",
      "name": "myTFNetSec",
      "provider": "provider[\"registry.terraform.io/hashicorp/azurerm\"]",
      "instances": [
        {
          "schema_version": 0,
          "attributes": {
            "id": "/subscriptions/59cc06f0-2bbf-457b-a48a-d5811fe92883/resourceGroups/myTFResourceGroup/providers/Microsoft.Network/networkSecurityGroups/SecurityGroup",
            "location": "eastus",
            "name": "SecurityGroup",
            "resource_group_name": "myTFResourceGroup",
            "security_rule": [],
            "tags": null,
            "timeouts": null
          },
          "sensitive_attributes": [],
          "private": "eyJlMmJmYjczMC1lY2FhLTExZTYtOGY4OC0zNDM2M2JjN2M0YzAiOnsiY3JlYXRlIjoxODAwMDAwMDAwMDAwLCJkZWxldGUiOjE4MDAwMDAwMDAwMDAsInJlYWQiOjMwMDAwMDAwMDAwMCwidXBkYXRlIjoxODAwMDAwMDAwMDAwfX0=",
          "dependencies": [
            "azurerm_resource_group.myTFResourceGroup"
          ]
        }
      ]
    },
    {
      "mode": "managed",
      "type": "azurerm_network_security_rule",
      "name": "myTFSecRule",
      "provider": "provider[\"registry.terraform.io/hashicorp/azurerm\"]",
      "instances": [
        {
          "schema_version": 0,
          "attributes": {
            "access": "Allow",
            "description": "",
            "destination_address_prefix": "*",
            "destination_address_prefixes": null,
            "destination_application_security_group_ids": null,
            "destination_port_range": "*",
            "destination_port_ranges": null,
            "direction": "Inbound",
            "id": "/subscriptions/59cc06f0-2bbf-457b-a48a-d5811fe92883/resourceGroups/myTFResourceGroup/providers/Microsoft.Network/networkSecurityGroups/SecurityGroup/securityRules/myTFSecRule",
            "name": "myTFSecRule",
            "network_security_group_name": "SecurityGroup",
            "priority": 100,
            "protocol": "TCP",
            "resource_group_name": "myTFResourceGroup",
            "source_address_prefix": "*",
            "source_address_prefixes": null,
            "source_application_security_group_ids": null,
            "source_port_range": "22",
            "source_port_ranges": null,
            "timeouts": null
          },
          "sensitive_attributes": [],
          "private": "eyJlMmJmYjczMC1lY2FhLTExZTYtOGY4OC0zNDM2M2JjN2M0YzAiOnsiY3JlYXRlIjoxODAwMDAwMDAwMDAwLCJkZWxldGUiOjE4MDAwMDAwMDAwMDAsInJlYWQiOjMwMDAwMDAwMDAwMCwidXBkYXRlIjoxODAwMDAwMDAwMDAwfX0=",
          "dependencies": [
            "azurerm_network_security_group.myTFNetSec",
            "azurerm_resource_group.myTFResourceGroup"
          ]
        }
      ]
    },
    {
      "mode": "managed",
      "type": "azurerm_public_ip",
      "name": "MyTFPublicIP",
      "provider": "provider[\"registry.terraform.io/hashicorp/azurerm\"]",
      "instances": [
        {
          "index_key": 0,
          "schema_version": 0,
          "attributes": {
            "allocation_method": "Static",
            "availability_zone": "No-Zone",
            "domain_name_label": null,
            "fqdn": null,
            "id": "/subscriptions/59cc06f0-2bbf-457b-a48a-d5811fe92883/resourceGroups/myTFResourceGroup/providers/Microsoft.Network/publicIPAddresses/MyTFPublicIP0",
            "idle_timeout_in_minutes": 4,
            "ip_address": "52.179.82.233",
            "ip_tags": null,
            "ip_version": "IPv4",
            "location": "eastus",
            "name": "MyTFPublicIP0",
            "public_ip_prefix_id": null,
            "resource_group_name": "myTFResourceGroup",
            "reverse_fqdn": null,
            "sku": "Basic",
            "sku_tier": "Regional",
            "tags": {
              "environment": "Production"
            },
            "timeouts": null,
            "zones": []
          },
          "sensitive_attributes": [],
          "private": "eyJlMmJmYjczMC1lY2FhLTExZTYtOGY4OC0zNDM2M2JjN2M0YzAiOnsiY3JlYXRlIjoxODAwMDAwMDAwMDAwLCJkZWxldGUiOjE4MDAwMDAwMDAwMDAsInJlYWQiOjMwMDAwMDAwMDAwMCwidXBkYXRlIjoxODAwMDAwMDAwMDAwfX0=",
          "dependencies": [
            "azurerm_resource_group.myTFResourceGroup"
          ]
        },
        {
          "index_key": 1,
          "schema_version": 0,
          "attributes": {
            "allocation_method": "Static",
            "availability_zone": "No-Zone",
            "domain_name_label": null,
            "fqdn": null,
            "id": "/subscriptions/59cc06f0-2bbf-457b-a48a-d5811fe92883/resourceGroups/myTFResourceGroup/providers/Microsoft.Network/publicIPAddresses/MyTFPublicIP1",
            "idle_timeout_in_minutes": 4,
            "ip_address": "40.71.30.236",
            "ip_tags": null,
            "ip_version": "IPv4",
            "location": "eastus",
            "name": "MyTFPublicIP1",
            "public_ip_prefix_id": null,
            "resource_group_name": "myTFResourceGroup",
            "reverse_fqdn": null,
            "sku": "Basic",
            "sku_tier": "Regional",
            "tags": {
              "environment": "Production"
            },
            "timeouts": null,
            "zones": []
          },
          "sensitive_attributes": [],
          "private": "eyJlMmJmYjczMC1lY2FhLTExZTYtOGY4OC0zNDM2M2JjN2M0YzAiOnsiY3JlYXRlIjoxODAwMDAwMDAwMDAwLCJkZWxldGUiOjE4MDAwMDAwMDAwMDAsInJlYWQiOjMwMDAwMDAwMDAwMCwidXBkYXRlIjoxODAwMDAwMDAwMDAwfX0=",
          "dependencies": [
            "azurerm_resource_group.myTFResourceGroup"
          ]
        }
      ]
    },
    {
      "mode": "managed",
      "type": "azurerm_resource_group",
      "name": "myTFResourceGroup",
      "provider": "provider[\"registry.terraform.io/hashicorp/azurerm\"]",
      "instances": [
        {
          "schema_version": 0,
          "attributes": {
            "id": "/subscriptions/59cc06f0-2bbf-457b-a48a-d5811fe92883/resourceGroups/myTFResourceGroup",
            "location": "eastus",
            "name": "myTFResourceGroup",
            "tags": null,
            "timeouts": null
          },
          "sensitive_attributes": [],
          "private": "eyJlMmJmYjczMC1lY2FhLTExZTYtOGY4OC0zNDM2M2JjN2M0YzAiOnsiY3JlYXRlIjo1NDAwMDAwMDAwMDAwLCJkZWxldGUiOjU0MDAwMDAwMDAwMDAsInJlYWQiOjMwMDAwMDAwMDAwMCwidXBkYXRlIjo1NDAwMDAwMDAwMDAwfX0="
        }
      ]
    },
    {
      "mode": "managed",
      "type": "azurerm_subnet",
      "name": "MyTFSubnet",
      "provider": "provider[\"registry.terraform.io/hashicorp/azurerm\"]",
      "instances": [
        {
          "schema_version": 0,
          "attributes": {
            "address_prefix": "10.0.2.0/24",
            "address_prefixes": [
              "10.0.2.0/24"
            ],
            "delegation": [],
            "enforce_private_link_endpoint_network_policies": false,
            "enforce_private_link_service_network_policies": false,
            "id": "/subscriptions/59cc06f0-2bbf-457b-a48a-d5811fe92883/resourceGroups/myTFResourceGroup/providers/Microsoft.Network/virtualNetworks/MyTFVnet/subnets/MyTFSubnet",
            "name": "MyTFSubnet",
            "resource_group_name": "myTFResourceGroup",
            "service_endpoint_policy_ids": null,
            "service_endpoints": null,
            "timeouts": null,
            "virtual_network_name": "MyTFVnet"
          },
          "sensitive_attributes": [],
          "private": "eyJlMmJmYjczMC1lY2FhLTExZTYtOGY4OC0zNDM2M2JjN2M0YzAiOnsiY3JlYXRlIjoxODAwMDAwMDAwMDAwLCJkZWxldGUiOjE4MDAwMDAwMDAwMDAsInJlYWQiOjMwMDAwMDAwMDAwMCwidXBkYXRlIjoxODAwMDAwMDAwMDAwfX0=",
          "dependencies": [
            "azurerm_resource_group.myTFResourceGroup",
            "azurerm_virtual_network.MyTFVnet"
          ]
        }
      ]
    },
    {
      "mode": "managed",
      "type": "azurerm_virtual_network",
      "name": "MyTFVnet",
      "provider": "provider[\"registry.terraform.io/hashicorp/azurerm\"]",
      "instances": [
        {
          "schema_version": 0,
          "attributes": {
            "address_space": [
              "10.0.0.0/16"
            ],
            "bgp_community": "",
            "ddos_protection_plan": [],
            "dns_servers": [],
            "flow_timeout_in_minutes": 0,
            "guid": "3da36912-bed6-497f-952b-72c2b364cf2b",
            "id": "/subscriptions/59cc06f0-2bbf-457b-a48a-d5811fe92883/resourceGroups/myTFResourceGroup/providers/Microsoft.Network/virtualNetworks/MyTFVnet",
            "location": "eastus",
            "name": "MyTFVnet",
            "resource_group_name": "myTFResourceGroup",
            "subnet": [],
            "tags": null,
            "timeouts": null,
            "vm_protection_enabled": false
          },
          "sensitive_attributes": [],
          "private": "eyJlMmJmYjczMC1lY2FhLTExZTYtOGY4OC0zNDM2M2JjN2M0YzAiOnsiY3JlYXRlIjoxODAwMDAwMDAwMDAwLCJkZWxldGUiOjE4MDAwMDAwMDAwMDAsInJlYWQiOjMwMDAwMDAwMDAwMCwidXBkYXRlIjoxODAwMDAwMDAwMDAwfX0=",
          "dependencies": [
            "azurerm_resource_group.myTFResourceGroup"
          ]
        }
      ]
    },
    {
      "mode": "managed",
      "type": "tls_private_key",
      "name": "MyTFssh",
      "provider": "provider[\"registry.terraform.io/hashicorp/tls\"]",
      "instances": [
        {
          "schema_version": 0,
          "attributes": {
            "algorithm": "RSA",
            "ecdsa_curve": "P224",
            "id": "3f9ed5eaccc96860ba3afd1e9be6847af0aff4ac",
            "private_key_pem": "-----BEGIN RSA PRIVATE KEY-----\nMIIJJwIBAAKCAgEAu7me2l49w5ucV/nPjQ71lIVvX3LPvd8NBPbEwv7RG6PKPUKv\nYoOY19IdrMWUzBgPrXMxNZMwTRUJ6hIjjrzqerLFn5BWNG7TRgaNX+m7DavQU62j\n58uvtmdlLavTgrbiClZF21Nm4+Rl2JDmgh8W6lCUuMT9RsUjAEJUwAcRyDEG11R1\nYk1c8GANMraNTEn0h7BVa1aUuFxs5/SvfgfCPvqTkTsUCsLh62nSoa5ZAgcvJjUw\nueA8otPGxHUSk6KXZoRbYijkPWaIz+XkPnOIaJ2EKArhzN75248z/tjOnB1ClqvZ\nCk7iqxS9ECW51dXga1k7w7U81zOl5BN8FAlEfhGz1vm5b3PeaH1jS6zSCI9b4Zw5\nANbzbEq2wcVxSPuhRXKJaUfrqj92HNiSBEv5SpmdVlFUI1cAVeqiiSaOoZ2OkjW/\nSZx/NMN2CoFdMBgw2H5eZGLvGbXUTjPrn2h1nrxjajYvz3SPrK3HRrvDOcay0myF\nmhC4SAE1w71upYFLKF095tXcMVNMoSN0qZ7FkSNmUfG9oh39+6+7lcZ2edU57Z6Q\ncS/fZUPbjH42DU4kxdj+LniPlpThX4zQdKlO68Bg1oyH5iFSEdZE9xensBu4cZf4\nJTfDEXD0niD0c+H58Q/BqE5MZLBO1u3UTBe8QOkuN4oWznEuxpuBCoSXIPcCAwEA\nAQKCAgBf8wMPh+W3yhyCFuwPpBq/e+gt+AfYe14zMFHnfMiygOgIocH072A6x2ll\nemOQYaf5tovrXzzr2RoFKppEBakvZ5p88RAuooqYGxc9c8Covy2u52yEOGaqK3Ta\ngB2OjR1BvVDdRmarinzH0WAQGAXlY6RwQDdYacB3DHA26iYblXtyqfeJdBNRxTZZ\nulbELHSwud8fCtTe2lbLxBPCrgKJoBe2vmSDD5LbeW4wN2XFFJjzxXIPP16etvG8\nTj5deVg7DOGMbWwjOfopkM41YWXSWthGgzFgPoOkxjAETRplTstPKay4iRNv8Bym\nWTH/6t5W3/gdEtBzCjH7Pj5IG2iGyYAQFvBjmnkbF2gyci3ceGhseCMmBQOhHR5+\nK56xGlHNNdtMTOLP9B3B9Ng/FlQbaf4Ehi41etn946GfiexQyMfAIgf13aaYY1sB\nGc/lDWA4LZn2ZCoEdPb9I6fWHjrh02uDwimdZdYbNhnDbF6nsGGMt/Jzifc0cGEv\nWRl3o4iL211pvQx0GTt1snUfVxsXqpmphE8eUTCmawuolSlvTT87VN4dSy/DLPTc\nYqrJY9HNc/FoNOxwYj1bCxzTzo1OVpA0ao7+xa6lbTB4orE7FD3b1KeGrBnZxmGu\nWR1fyRp4hJTyuy+Mw4Z2eLkNhTFaLVVvjuxTmRbr13Lj2aw6KQKCAQEAwaF9WBt7\nZkWKaFzy8/WRXYry0xvY3E29sQZo2TL9p3oSKsALi3FsDdEPhv7uD2UQQznxatMB\n6NUMvydwIPRqmjK73XUm8A2MRwKliKTXFfWPSpKlg33g49H+8xVMYKapQ2xw9kHh\nhavzDEYptFPVX0O2x1x/dvtwsN8US0DGzuNiy6I4n/Ooi9VHeQpW3d5XzZnU2gii\nielUlU+oVLrnDHRFg13dRWVylqm4eD56HNIIDnpkEQHScm35/08Btypiy4H3BUqz\nVkeRYF7AQPh/osyJIKlxmgyg9fULiTycRUgF8k+69JiJ5TGsUkRfMAaEflwcIoCj\no8m1THf0P+9vKwKCAQEA+DEnBdgraJsgGAqW2kGnl6M9RQBXxCi2F4Z07IrdyAll\n8+A/HIb78xICn0oSOE4tzZO2rGKrly7B6ovlBK+5GkRMk11+n4o6eRulzdiJ8QDc\n1VleTTFXZeUpDxPFhZx45dolFPAI0tZ69/i03HAeJ3T/5DuMk8VWHvak+UDykTxQ\nS7FUssjwbccJ9I5th/DHX3bI96JkS9ggmRRql1dYrlM2vKwJ1kbgz4JS5FqquB6l\n7ubWAspadPX/LZ/IWP6JlY6gmCQc/88iXCkCwvPV929+45Nd5K07LCPI5N0IAhvS\ntlJQw0ApywkokNINy+RryqMs6SpngNn3qleafnZPZQKCAQAEDPfNTw3eztedZUxj\n1CBNX6nCxtNbkHjGakbpPErYJRKaOFhFe4LyKwxzG4QpaEjVzzGAtZdVopdYrF+J\nIPPV8/fAI0JERVRI7AJAgIpLWE6+FaFGxexdd7gop6poXzQtR+h5DlnEbRtxh0o6\nDoLpMkZxlzrHZ20tFg2boWhHTbR0ZBlhJzzAaB7Npmy4yXz2vSAZy5Jy5iGx2e/A\njgRlW01U+TK2z+98vWIxicUOM0qd2uua+3nGkQxozeNQTJ+yeC6NuslTpb2h0Xme\nIlSxOCwqNcE9osP/QTgTj+QJAv+02PwlP8eqtsZPFkUTgR9mcVDZW+2QcJjNV7kR\nWVXvAoIBADD3cZ2DkrzmriRQIocZIPmX6USt1qMK7TIjAvqQQ0VuJUFCYvE76IWC\nbiYDNSkKs5q1o/rK1NPVE8k0pJCSItD93KXOcmcDnJm8TLAaIsz7wJYPNb3BGF8w\nITOqUPQVdPzUVzCUUwlV65j05qn/LNPYD4x1+zxEWMNvIglTOQhSf/0PFYjYgCcI\nd/xaBV4msQ8ynl/NGECmeXf6QTVutD5giJIc1ywBe+U07ynCgaAl29MQk/Sk+8fL\nqPbVaW+1eGubYi/iIB6QPVU1eigAd5yD0OMRdhrh2qTQwpf0y9mup5n1D54WEKjQ\nO8KmzrYFcQbfvsKZ7SXM20IuWnrM2MkCggEAdSex1gT82BHKk5TqYK5MRCD0fpCx\nuXJDHoB4FL1XQ4qGwTx7kN4pzgL1FOVz9DuZCwkm7Jj2Kh3SnIRUJhkVISYbfwla\nn88s7oN4zSXqUIIJfU4qmtBYiHD95/MTTHkXGfWwi/nqrAXGgAwn6IHjwVWpG6Gp\n9DnpmA8bGPsba2k4bS1X9BuPz7dSAUOCuTeA9DDRl8dtB81pTvZFVgFSOXiS2ThW\naBQE+FKgscKu/EhqHZX6OJSRhLBHFgJw4HTcCgaW3/ndpPde5wWp7WYgGHvnL5/t\ngZlATSlb21VI/w1j2BbKjkDlcbkQNuKhuI13NtHoXwicfY6Kd8YwKSNopQ==\n-----END RSA PRIVATE KEY-----\n",
            "public_key_fingerprint_md5": "15:fb:79:88:9e:90:8a:5d:07:db:f8:24:52:ec:e7:cc",
            "public_key_openssh": "ssh-rsa AAAAB3NzaC1yc2EAAAADAQABAAACAQC7uZ7aXj3Dm5xX+c+NDvWUhW9fcs+93w0E9sTC/tEbo8o9Qq9ig5jX0h2sxZTMGA+tczE1kzBNFQnqEiOOvOp6ssWfkFY0btNGBo1f6bsNq9BTraPny6+2Z2Utq9OCtuIKVkXbU2bj5GXYkOaCHxbqUJS4xP1GxSMAQlTABxHIMQbXVHViTVzwYA0yto1MSfSHsFVrVpS4XGzn9K9+B8I++pOROxQKwuHradKhrlkCBy8mNTC54Dyi08bEdRKTopdmhFtiKOQ9ZojP5eQ+c4honYQoCuHM3vnbjzP+2M6cHUKWq9kKTuKrFL0QJbnV1eBrWTvDtTzXM6XkE3wUCUR+EbPW+blvc95ofWNLrNIIj1vhnDkA1vNsSrbBxXFI+6FFcolpR+uqP3Yc2JIES/lKmZ1WUVQjVwBV6qKJJo6hnY6SNb9JnH80w3YKgV0wGDDYfl5kYu8ZtdROM+ufaHWevGNqNi/PdI+srcdGu8M5xrLSbIWaELhIATXDvW6lgUsoXT3m1dwxU0yhI3SpnsWRI2ZR8b2iHf37r7uVxnZ51TntnpBxL99lQ9uMfjYNTiTF2P4ueI+WlOFfjNB0qU7rwGDWjIfmIVIR1kT3F6ewG7hxl/glN8MRcPSeIPRz4fnxD8GoTkxksE7W7dRMF7xA6S43ihbOcS7Gm4EKhJcg9w==\n",
            "public_key_pem": "-----BEGIN PUBLIC KEY-----\nMIICIjANBgkqhkiG9w0BAQEFAAOCAg8AMIICCgKCAgEAu7me2l49w5ucV/nPjQ71\nlIVvX3LPvd8NBPbEwv7RG6PKPUKvYoOY19IdrMWUzBgPrXMxNZMwTRUJ6hIjjrzq\nerLFn5BWNG7TRgaNX+m7DavQU62j58uvtmdlLavTgrbiClZF21Nm4+Rl2JDmgh8W\n6lCUuMT9RsUjAEJUwAcRyDEG11R1Yk1c8GANMraNTEn0h7BVa1aUuFxs5/SvfgfC\nPvqTkTsUCsLh62nSoa5ZAgcvJjUwueA8otPGxHUSk6KXZoRbYijkPWaIz+XkPnOI\naJ2EKArhzN75248z/tjOnB1ClqvZCk7iqxS9ECW51dXga1k7w7U81zOl5BN8FAlE\nfhGz1vm5b3PeaH1jS6zSCI9b4Zw5ANbzbEq2wcVxSPuhRXKJaUfrqj92HNiSBEv5\nSpmdVlFUI1cAVeqiiSaOoZ2OkjW/SZx/NMN2CoFdMBgw2H5eZGLvGbXUTjPrn2h1\nnrxjajYvz3SPrK3HRrvDOcay0myFmhC4SAE1w71upYFLKF095tXcMVNMoSN0qZ7F\nkSNmUfG9oh39+6+7lcZ2edU57Z6QcS/fZUPbjH42DU4kxdj+LniPlpThX4zQdKlO\n68Bg1oyH5iFSEdZE9xensBu4cZf4JTfDEXD0niD0c+H58Q/BqE5MZLBO1u3UTBe8\nQOkuN4oWznEuxpuBCoSXIPcCAwEAAQ==\n-----END PUBLIC KEY-----\n",
            "rsa_bits": 4096
          },
          "sensitive_attributes": [],
          "private": "bnVsbA=="
        }
      ]
    }
  ]
}
